
Microsoft Visual Studio Solution File, Format Version 12.00
# Visual Studio 15
VisualStudioVersion = 15.0.27703.2047
MinimumVisualStudioVersion = 10.0.40219.1
Project("{8BC9CEB8-8B4A-11D0-8D11-00A0C91BC942}") = "my_OJ", "my_OJ\my_OJ.vcxproj", "{201850A0-4CB1-4D0F-AF5C-151BA240FE4F}"
EndProject
Project("{8BC9CEB8-8B4A-11D0-8D11-00A0C91BC942}") = "unkonwn_lenght_vector", "unkonwn_lenght_vector\unkonwn_lenght_vector.vcxproj", "{4B0597FC-0AA2-42DB-8DEF-4B8CB4772C9B}"
EndProject
Project("{8BC9CEB8-8B4A-11D0-8D11-00A0C91BC942}") = "TEST01", "TEST01\TEST01.vcxproj", "{64009031-500F-4A6F-AAD3-B959389D1F81}"
EndProject
Project("{8BC9CEB8-8B4A-11D0-8D11-00A0C91BC942}") = "TEST02", "TEST02\TEST02.vcxproj", "{972170FF-7BCE-4FCD-A93C-684F1BAE5688}"
EndProject
Project("{8BC9CEB8-8B4A-11D0-8D11-00A0C91BC942}") = "01_AssignmentOperator", "01_AssignmentOperator\01_AssignmentOperator.vcxproj", "{2ABAE622-2AA1-4DF8-858D-B56B76951A01}"
EndProject
Project("{8BC9CEB8-8B4A-11D0-8D11-00A0C91BC942}") = "461. Hamming Distance", "461. Hamming Distance\461. Hamming Distance.vcxproj", "{FD0F2847-1E38-448C-B016-8BEB1AB3EEAC}"
EndProject
Project("{8BC9CEB8-8B4A-11D0-8D11-00A0C91BC942}") = "001. Two Sum", "001. Two Sum\001. Two Sum.vcxproj", "{570B5DFF-E8CD-4904-AF42-E42CFAA5D608}"
EndProject
Project("{8BC9CEB8-8B4A-11D0-8D11-00A0C91BC942}") = "20. Valid Parentheses", "20. Valid Parentheses\20. Valid Parentheses.vcxproj", "{076D48D5-B679-461C-B3F7-217BC7C0481A}"
EndProject
Global
	GlobalSection(SolutionConfigurationPlatforms) = preSolution
		Debug|x64 = Debug|x64
		Debug|x86 = Debug|x86
		Release|x64 = Release|x64
		Release|x86 = Release|x86
	EndGlobalSection
	GlobalSection(ProjectConfigurationPlatforms) = postSolution
		{201850A0-4CB1-4D0F-AF5C-151BA240FE4F}.Debug|x64.ActiveCfg = Debug|x64
		{201850A0-4CB1-4D0F-AF5C-151BA240FE4F}.Debug|x64.Build.0 = Debug|x64
		{201850A0-4CB1-4D0F-AF5C-151BA240FE4F}.Debug|x86.ActiveCfg = Debug|Win32
		{201850A0-4CB1-4D0F-AF5C-151BA240FE4F}.Debug|x86.Build.0 = Debug|Win32
		{201850A0-4CB1-4D0F-AF5C-151BA240FE4F}.Release|x64.ActiveCfg = Release|x64
		{201850A0-4CB1-4D0F-AF5C-151BA240FE4F}.Release|x64.Build.0 = Release|x64
		{201850A0-4CB1-4D0F-AF5C-151BA240FE4F}.Release|x86.ActiveCfg = Release|Win32
		{201850A0-4CB1-4D0F-AF5C-151BA240FE4F}.Release|x86.Build.0 = Release|Win32
		{4B0597FC-0AA2-42DB-8DEF-4B8CB4772C9B}.Debug|x64.ActiveCfg = Debug|x64
		{4B0597FC-0AA2-42DB-8DEF-4B8CB4772C9B}.Debug|x64.Build.0 = Debug|x64
		{4B0597FC-0AA2-42DB-8DEF-4B8CB4772C9B}.Debug|x86.ActiveCfg = Debug|Win32
		{4B0597FC-0AA2-42DB-8DEF-4B8CB4772C9B}.Debug|x86.Build.0 = Debug|Win32
		{4B0597FC-0AA2-42DB-8DEF-4B8CB4772C9B}.Release|x64.ActiveCfg = Release|x64
		{4B0597FC-0AA2-42DB-8DEF-4B8CB4772C9B}.Release|x64.Build.0 = Release|x64
		{4B0597FC-0AA2-42DB-8DEF-4B8CB4772C9B}.Release|x86.ActiveCfg = Release|Win32
		{4B0597FC-0AA2-42DB-8DEF-4B8CB4772C9B}.Release|x86.Build.0 = Release|Win32
		{64009031-500F-4A6F-AAD3-B959389D1F81}.Debug|x64.ActiveCfg = Debug|x64
		{64009031-500F-4A6F-AAD3-B959389D1F81}.Debug|x64.Build.0 = Debug|x64
		{64009031-500F-4A6F-AAD3-B959389D1F81}.Debug|x86.ActiveCfg = Debug|Win32
		{64009031-500F-4A6F-AAD3-B959389D1F81}.Debug|x86.Build.0 = Debug|Win32
		{64009031-500F-4A6F-AAD3-B959389D1F81}.Release|x64.ActiveCfg = Release|x64
		{64009031-500F-4A6F-AAD3-B959389D1F81}.Release|x64.Build.0 = Release|x64
		{64009031-500F-4A6F-AAD3-B959389D1F81}.Release|x86.ActiveCfg = Release|Win32
		{64009031-500F-4A6F-AAD3-B959389D1F81}.Release|x86.Build.0 = Release|Win32
		{972170FF-7BCE-4FCD-A93C-684F1BAE5688}.Debug|x64.ActiveCfg = Debug|x64
		{972170FF-7BCE-4FCD-A93C-684F1BAE5688}.Debug|x64.Build.0 = Debug|x64
		{972170FF-7BCE-4FCD-A93C-684F1BAE5688}.Debug|x86.ActiveCfg = Debug|Win32
		{972170FF-7BCE-4FCD-A93C-684F1BAE5688}.Debug|x86.Build.0 = Debug|Win32
		{972170FF-7BCE-4FCD-A93C-684F1BAE5688}.Release|x64.ActiveCfg = Release|x64
		{972170FF-7BCE-4FCD-A93C-684F1BAE5688}.Release|x64.Build.0 = Release|x64
		{972170FF-7BCE-4FCD-A93C-684F1BAE5688}.Release|x86.ActiveCfg = Release|Win32
		{972170FF-7BCE-4FCD-A93C-684F1BAE5688}.Release|x86.Build.0 = Release|Win32
		{2ABAE622-2AA1-4DF8-858D-B56B76951A01}.Debug|x64.ActiveCfg = Debug|x64
		{2ABAE622-2AA1-4DF8-858D-B56B76951A01}.Debug|x64.Build.0 = Debug|x64
		{2ABAE622-2AA1-4DF8-858D-B56B76951A01}.Debug|x86.ActiveCfg = Debug|Win32
		{2ABAE622-2AA1-4DF8-858D-B56B76951A01}.Debug|x86.Build.0 = Debug|Win32
		{2ABAE622-2AA1-4DF8-858D-B56B76951A01}.Release|x64.ActiveCfg = Release|x64
		{2ABAE622-2AA1-4DF8-858D-B56B76951A01}.Release|x64.Build.0 = Release|x64
		{2ABAE622-2AA1-4DF8-858D-B56B76951A01}.Release|x86.ActiveCfg = Release|Win32
		{2ABAE622-2AA1-4DF8-858D-B56B76951A01}.Release|x86.Build.0 = Release|Win32
		{FD0F2847-1E38-448C-B016-8BEB1AB3EEAC}.Debug|x64.ActiveCfg = Debug|x64
		{FD0F2847-1E38-448C-B016-8BEB1AB3EEAC}.Debug|x64.Build.0 = Debug|x64
		{FD0F2847-1E38-448C-B016-8BEB1AB3EEAC}.Debug|x86.ActiveCfg = Debug|Win32
		{FD0F2847-1E38-448C-B016-8BEB1AB3EEAC}.Debug|x86.Build.0 = Debug|Win32
		{FD0F2847-1E38-448C-B016-8BEB1AB3EEAC}.Release|x64.ActiveCfg = Release|x64
		{FD0F2847-1E38-448C-B016-8BEB1AB3EEAC}.Release|x64.Build.0 = Release|x64
		{FD0F2847-1E38-448C-B016-8BEB1AB3EEAC}.Release|x86.ActiveCfg = Release|Win32
		{FD0F2847-1E38-448C-B016-8BEB1AB3EEAC}.Release|x86.Build.0 = Release|Win32
		{570B5DFF-E8CD-4904-AF42-E42CFAA5D608}.Debug|x64.ActiveCfg = Debug|x64
		{570B5DFF-E8CD-4904-AF42-E42CFAA5D608}.Debug|x64.Build.0 = Debug|x64
		{570B5DFF-E8CD-4904-AF42-E42CFAA5D608}.Debug|x86.ActiveCfg = Debug|Win32
		{570B5DFF-E8CD-4904-AF42-E42CFAA5D608}.Debug|x86.Build.0 = Debug|Win32
		{570B5DFF-E8CD-4904-AF42-E42CFAA5D608}.Release|x64.ActiveCfg = Release|x64
		{570B5DFF-E8CD-4904-AF42-E42CFAA5D608}.Release|x64.Build.0 = Release|x64
		{570B5DFF-E8CD-4904-AF42-E42CFAA5D608}.Release|x86.ActiveCfg = Release|Win32
		{570B5DFF-E8CD-4904-AF42-E42CFAA5D608}.Release|x86.Build.0 = Release|Win32
		{076D48D5-B679-461C-B3F7-217BC7C0481A}.Debug|x64.ActiveCfg = Debug|x64
		{076D48D5-B679-461C-B3F7-217BC7C0481A}.Debug|x64.Build.0 = Debug|x64
		{076D48D5-B679-461C-B3F7-217BC7C0481A}.Debug|x86.ActiveCfg = Debug|Win32
		{076D48D5-B679-461C-B3F7-217BC7C0481A}.Debug|x86.Build.0 = Debug|Win32
		{076D48D5-B679-461C-B3F7-217BC7C0481A}.Release|x64.ActiveCfg = Release|x64
		{076D48D5-B679-461C-B3F7-217BC7C0481A}.Release|x64.Build.0 = Release|x64
		{076D48D5-B679-461C-B3F7-217BC7C0481A}.Release|x86.ActiveCfg = Release|Win32
		{076D48D5-B679-461C-B3F7-217BC7C0481A}.Release|x86.Build.0 = Release|Win32
	EndGlobalSection
	GlobalSection(SolutionProperties) = preSolution
		HideSolutionNode = FALSE
	EndGlobalSection
	GlobalSection(ExtensibilityGlobals) = postSolution
		SolutionGuid = {0648CDCC-7624-4B60-8448-1B0AEFD4D26F}
	EndGlobalSection
EndGlobal
