
Microsoft Visual Studio Solution File, Format Version 12.00
# Visual Studio 15
VisualStudioVersion = 15.0.27703.2047
MinimumVisualStudioVersion = 10.0.40219.1
Project("{8BC9CEB8-8B4A-11D0-8D11-00A0C91BC942}") = "test1", "test1\test1.vcxproj", "{7CF9C08F-6B55-4760-A450-457843A671F8}"
EndProject
Project("{8BC9CEB8-8B4A-11D0-8D11-00A0C91BC942}") = "test2", "test2\test2.vcxproj", "{245B5B19-A388-4D41-BB32-D6F12AE07FC5}"
EndProject
Global
	GlobalSection(SolutionConfigurationPlatforms) = preSolution
		Debug|x64 = Debug|x64
		Debug|x86 = Debug|x86
		Release|x64 = Release|x64
		Release|x86 = Release|x86
	EndGlobalSection
	GlobalSection(ProjectConfigurationPlatforms) = postSolution
		{7CF9C08F-6B55-4760-A450-457843A671F8}.Debug|x64.ActiveCfg = Debug|x64
		{7CF9C08F-6B55-4760-A450-457843A671F8}.Debug|x64.Build.0 = Debug|x64
		{7CF9C08F-6B55-4760-A450-457843A671F8}.Debug|x86.ActiveCfg = Debug|Win32
		{7CF9C08F-6B55-4760-A450-457843A671F8}.Debug|x86.Build.0 = Debug|Win32
		{7CF9C08F-6B55-4760-A450-457843A671F8}.Release|x64.ActiveCfg = Release|x64
		{7CF9C08F-6B55-4760-A450-457843A671F8}.Release|x64.Build.0 = Release|x64
		{7CF9C08F-6B55-4760-A450-457843A671F8}.Release|x86.ActiveCfg = Release|Win32
		{7CF9C08F-6B55-4760-A450-457843A671F8}.Release|x86.Build.0 = Release|Win32
		{245B5B19-A388-4D41-BB32-D6F12AE07FC5}.Debug|x64.ActiveCfg = Debug|x64
		{245B5B19-A388-4D41-BB32-D6F12AE07FC5}.Debug|x64.Build.0 = Debug|x64
		{245B5B19-A388-4D41-BB32-D6F12AE07FC5}.Debug|x86.ActiveCfg = Debug|Win32
		{245B5B19-A388-4D41-BB32-D6F12AE07FC5}.Debug|x86.Build.0 = Debug|Win32
		{245B5B19-A388-4D41-BB32-D6F12AE07FC5}.Release|x64.ActiveCfg = Release|x64
		{245B5B19-A388-4D41-BB32-D6F12AE07FC5}.Release|x64.Build.0 = Release|x64
		{245B5B19-A388-4D41-BB32-D6F12AE07FC5}.Release|x86.ActiveCfg = Release|Win32
		{245B5B19-A388-4D41-BB32-D6F12AE07FC5}.Release|x86.Build.0 = Release|Win32
	EndGlobalSection
	GlobalSection(SolutionProperties) = preSolution
		HideSolutionNode = FALSE
	EndGlobalSection
	GlobalSection(ExtensibilityGlobals) = postSolution
		SolutionGuid = {0648CDCC-7624-4B60-8448-1B0AEFD4D26F}
	EndGlobalSection
EndGlobal
