
Microsoft Visual Studio Solution File, Format Version 12.00
# Visual Studio 15
VisualStudioVersion = 15.0.27703.2047
MinimumVisualStudioVersion = 10.0.40219.1
Project("{8BC9CEB8-8B4A-11D0-8D11-00A0C91BC942}") = "my_OJ", "my_OJ\my_OJ.vcxproj", "{201850A0-4CB1-4D0F-AF5C-151BA240FE4F}"
EndProject
Project("{8BC9CEB8-8B4A-11D0-8D11-00A0C91BC942}") = "unkonwn_lenght_vector", "unkonwn_lenght_vector\unkonwn_lenght_vector.vcxproj", "{4B0597FC-0AA2-42DB-8DEF-4B8CB4772C9B}"
EndProject
Project("{8BC9CEB8-8B4A-11D0-8D11-00A0C91BC942}") = "TEST01", "TEST01\TEST01.vcxproj", "{64009031-500F-4A6F-AAD3-B959389D1F81}"
EndProject
Project("{8BC9CEB8-8B4A-11D0-8D11-00A0C91BC942}") = "TEST02", "TEST02\TEST02.vcxproj", "{972170FF-7BCE-4FCD-A93C-684F1BAE5688}"
EndProject
Project("{8BC9CEB8-8B4A-11D0-8D11-00A0C91BC942}") = "01_AssignmentOperator", "01_AssignmentOperator\01_AssignmentOperator.vcxproj", "{2ABAE622-2AA1-4DF8-858D-B56B76951A01}"
EndProject
Project("{8BC9CEB8-8B4A-11D0-8D11-00A0C91BC942}") = "025. Remove Duplicates from Sorted Array", "025. Remove Duplicates from Sorted Array\025. Remove Duplicates from Sorted Array.vcxproj", "{BF6B49A1-AD05-45E5-B802-72002A5853FC}"
EndProject
Project("{8BC9CEB8-8B4A-11D0-8D11-00A0C91BC942}") = "04_FindInPartiallySortedMatrix", "04_FindInPartiallySortedMatrix\04_FindInPartiallySortedMatrix.vcxproj", "{AD76891F-3821-4DCE-83DC-B8340C827E42}"
EndProject
Project("{8BC9CEB8-8B4A-11D0-8D11-00A0C91BC942}") = "05_ReplaceSpaces", "05_ReplaceSpaces\05_ReplaceSpaces.vcxproj", "{A1F3B745-0EE8-423E-A4F5-81E9A4C10A34}"
EndProject
Project("{8BC9CEB8-8B4A-11D0-8D11-00A0C91BC942}") = "bubbleSort", "bubbleSort\bubbleSort.vcxproj", "{3C32817D-4AAD-4A31-ACB3-9587F06FCDE6}"
EndProject
Project("{8BC9CEB8-8B4A-11D0-8D11-00A0C91BC942}") = "selectionSort", "selectionSort\selectionSort.vcxproj", "{E079E64E-98EE-4699-B45A-A6538FC69229}"
EndProject
Project("{8BC9CEB8-8B4A-11D0-8D11-00A0C91BC942}") = "06_PrintListInReversedOrder", "06_PrintListInReversedOrder\06_PrintListInReversedOrder.vcxproj", "{BD3235DE-D095-4FFE-B1EE-081B8457DB8D}"
EndProject
Project("{8BC9CEB8-8B4A-11D0-8D11-00A0C91BC942}") = "32_01_PrintTreeFromTopToBottom", "32_01_PrintTreeFromTopToBottom\32_01_PrintTreeFromTopToBottom.vcxproj", "{66B0BA77-7A90-464A-8713-F737EEFD6AB4}"
EndProject
Project("{8BC9CEB8-8B4A-11D0-8D11-00A0C91BC942}") = "深信服", "深信服\深信服.vcxproj", "{A25DCE26-B8AE-429D-A067-C7631ADF6262}"
EndProject
Project("{8BC9CEB8-8B4A-11D0-8D11-00A0C91BC942}") = "深信服2下午茶单价", "深信服2\深信服2.vcxproj", "{C0BF4B90-4B1D-42AF-B920-1A5F6B3EDAC3}"
EndProject
Project("{8BC9CEB8-8B4A-11D0-8D11-00A0C91BC942}") = "深信服-最小子序列和", "深信服-最小子序列和\深信服-最小子序列和.vcxproj", "{B544C1D0-8410-435F-8A29-268E75DC0D43}"
EndProject
Project("{8BC9CEB8-8B4A-11D0-8D11-00A0C91BC942}") = "007. Linked List Cycle", "007. Linked List Cycle\007. Linked List Cycle.vcxproj", "{549863D1-4B9D-4D15-B697-BBD17F86C078}"
EndProject
Project("{8BC9CEB8-8B4A-11D0-8D11-00A0C91BC942}") = "461. Hamming Distance", "461. Hamming Distance\461. Hamming Distance.vcxproj", "{FD0F2847-1E38-448C-B016-8BEB1AB3EEAC}"
EndProject
Project("{8BC9CEB8-8B4A-11D0-8D11-00A0C91BC942}") = "001. Two Sum", "001. Two Sum\001. Two Sum.vcxproj", "{570B5DFF-E8CD-4904-AF42-E42CFAA5D608}"
EndProject
Project("{8BC9CEB8-8B4A-11D0-8D11-00A0C91BC942}") = "002. Add Two Numbers", "002. Add Two Numbers\002. Add Two Numbers.vcxproj", "{72351894-8BDF-4371-8762-3986EC3F27BC}"
EndProject
Project("{8BC9CEB8-8B4A-11D0-8D11-00A0C91BC942}") = "test_temp", "test_temp\test_temp.vcxproj", "{2268157D-61A3-453A-B976-6F6946C6730A}"
EndProject
Global
	GlobalSection(SolutionConfigurationPlatforms) = preSolution
		Debug|x64 = Debug|x64
		Debug|x86 = Debug|x86
		Release|x64 = Release|x64
		Release|x86 = Release|x86
	EndGlobalSection
	GlobalSection(ProjectConfigurationPlatforms) = postSolution
		{201850A0-4CB1-4D0F-AF5C-151BA240FE4F}.Debug|x64.ActiveCfg = Debug|x64
		{201850A0-4CB1-4D0F-AF5C-151BA240FE4F}.Debug|x64.Build.0 = Debug|x64
		{201850A0-4CB1-4D0F-AF5C-151BA240FE4F}.Debug|x86.ActiveCfg = Debug|Win32
		{201850A0-4CB1-4D0F-AF5C-151BA240FE4F}.Debug|x86.Build.0 = Debug|Win32
		{201850A0-4CB1-4D0F-AF5C-151BA240FE4F}.Release|x64.ActiveCfg = Release|x64
		{201850A0-4CB1-4D0F-AF5C-151BA240FE4F}.Release|x64.Build.0 = Release|x64
		{201850A0-4CB1-4D0F-AF5C-151BA240FE4F}.Release|x86.ActiveCfg = Release|Win32
		{201850A0-4CB1-4D0F-AF5C-151BA240FE4F}.Release|x86.Build.0 = Release|Win32
		{4B0597FC-0AA2-42DB-8DEF-4B8CB4772C9B}.Debug|x64.ActiveCfg = Debug|x64
		{4B0597FC-0AA2-42DB-8DEF-4B8CB4772C9B}.Debug|x64.Build.0 = Debug|x64
		{4B0597FC-0AA2-42DB-8DEF-4B8CB4772C9B}.Debug|x86.ActiveCfg = Debug|Win32
		{4B0597FC-0AA2-42DB-8DEF-4B8CB4772C9B}.Debug|x86.Build.0 = Debug|Win32
		{4B0597FC-0AA2-42DB-8DEF-4B8CB4772C9B}.Release|x64.ActiveCfg = Release|x64
		{4B0597FC-0AA2-42DB-8DEF-4B8CB4772C9B}.Release|x64.Build.0 = Release|x64
		{4B0597FC-0AA2-42DB-8DEF-4B8CB4772C9B}.Release|x86.ActiveCfg = Release|Win32
		{4B0597FC-0AA2-42DB-8DEF-4B8CB4772C9B}.Release|x86.Build.0 = Release|Win32
		{64009031-500F-4A6F-AAD3-B959389D1F81}.Debug|x64.ActiveCfg = Debug|x64
		{64009031-500F-4A6F-AAD3-B959389D1F81}.Debug|x64.Build.0 = Debug|x64
		{64009031-500F-4A6F-AAD3-B959389D1F81}.Debug|x86.ActiveCfg = Debug|Win32
		{64009031-500F-4A6F-AAD3-B959389D1F81}.Debug|x86.Build.0 = Debug|Win32
		{64009031-500F-4A6F-AAD3-B959389D1F81}.Release|x64.ActiveCfg = Release|x64
		{64009031-500F-4A6F-AAD3-B959389D1F81}.Release|x64.Build.0 = Release|x64
		{64009031-500F-4A6F-AAD3-B959389D1F81}.Release|x86.ActiveCfg = Release|Win32
		{64009031-500F-4A6F-AAD3-B959389D1F81}.Release|x86.Build.0 = Release|Win32
		{972170FF-7BCE-4FCD-A93C-684F1BAE5688}.Debug|x64.ActiveCfg = Debug|x64
		{972170FF-7BCE-4FCD-A93C-684F1BAE5688}.Debug|x64.Build.0 = Debug|x64
		{972170FF-7BCE-4FCD-A93C-684F1BAE5688}.Debug|x86.ActiveCfg = Debug|Win32
		{972170FF-7BCE-4FCD-A93C-684F1BAE5688}.Debug|x86.Build.0 = Debug|Win32
		{972170FF-7BCE-4FCD-A93C-684F1BAE5688}.Release|x64.ActiveCfg = Release|x64
		{972170FF-7BCE-4FCD-A93C-684F1BAE5688}.Release|x64.Build.0 = Release|x64
		{972170FF-7BCE-4FCD-A93C-684F1BAE5688}.Release|x86.ActiveCfg = Release|Win32
		{972170FF-7BCE-4FCD-A93C-684F1BAE5688}.Release|x86.Build.0 = Release|Win32
		{2ABAE622-2AA1-4DF8-858D-B56B76951A01}.Debug|x64.ActiveCfg = Debug|x64
		{2ABAE622-2AA1-4DF8-858D-B56B76951A01}.Debug|x64.Build.0 = Debug|x64
		{2ABAE622-2AA1-4DF8-858D-B56B76951A01}.Debug|x86.ActiveCfg = Debug|Win32
		{2ABAE622-2AA1-4DF8-858D-B56B76951A01}.Debug|x86.Build.0 = Debug|Win32
		{2ABAE622-2AA1-4DF8-858D-B56B76951A01}.Release|x64.ActiveCfg = Release|x64
		{2ABAE622-2AA1-4DF8-858D-B56B76951A01}.Release|x64.Build.0 = Release|x64
		{2ABAE622-2AA1-4DF8-858D-B56B76951A01}.Release|x86.ActiveCfg = Release|Win32
		{2ABAE622-2AA1-4DF8-858D-B56B76951A01}.Release|x86.Build.0 = Release|Win32
		{BF6B49A1-AD05-45E5-B802-72002A5853FC}.Debug|x64.ActiveCfg = Debug|x64
		{BF6B49A1-AD05-45E5-B802-72002A5853FC}.Debug|x64.Build.0 = Debug|x64
		{BF6B49A1-AD05-45E5-B802-72002A5853FC}.Debug|x86.ActiveCfg = Debug|Win32
		{BF6B49A1-AD05-45E5-B802-72002A5853FC}.Debug|x86.Build.0 = Debug|Win32
		{BF6B49A1-AD05-45E5-B802-72002A5853FC}.Release|x64.ActiveCfg = Release|x64
		{BF6B49A1-AD05-45E5-B802-72002A5853FC}.Release|x64.Build.0 = Release|x64
		{BF6B49A1-AD05-45E5-B802-72002A5853FC}.Release|x86.ActiveCfg = Release|Win32
		{BF6B49A1-AD05-45E5-B802-72002A5853FC}.Release|x86.Build.0 = Release|Win32
		{AD76891F-3821-4DCE-83DC-B8340C827E42}.Debug|x64.ActiveCfg = Debug|x64
		{AD76891F-3821-4DCE-83DC-B8340C827E42}.Debug|x64.Build.0 = Debug|x64
		{AD76891F-3821-4DCE-83DC-B8340C827E42}.Debug|x86.ActiveCfg = Debug|Win32
		{AD76891F-3821-4DCE-83DC-B8340C827E42}.Debug|x86.Build.0 = Debug|Win32
		{AD76891F-3821-4DCE-83DC-B8340C827E42}.Release|x64.ActiveCfg = Release|x64
		{AD76891F-3821-4DCE-83DC-B8340C827E42}.Release|x64.Build.0 = Release|x64
		{AD76891F-3821-4DCE-83DC-B8340C827E42}.Release|x86.ActiveCfg = Release|Win32
		{AD76891F-3821-4DCE-83DC-B8340C827E42}.Release|x86.Build.0 = Release|Win32
		{A1F3B745-0EE8-423E-A4F5-81E9A4C10A34}.Debug|x64.ActiveCfg = Debug|x64
		{A1F3B745-0EE8-423E-A4F5-81E9A4C10A34}.Debug|x64.Build.0 = Debug|x64
		{A1F3B745-0EE8-423E-A4F5-81E9A4C10A34}.Debug|x86.ActiveCfg = Debug|Win32
		{A1F3B745-0EE8-423E-A4F5-81E9A4C10A34}.Debug|x86.Build.0 = Debug|Win32
		{A1F3B745-0EE8-423E-A4F5-81E9A4C10A34}.Release|x64.ActiveCfg = Release|x64
		{A1F3B745-0EE8-423E-A4F5-81E9A4C10A34}.Release|x64.Build.0 = Release|x64
		{A1F3B745-0EE8-423E-A4F5-81E9A4C10A34}.Release|x86.ActiveCfg = Release|Win32
		{A1F3B745-0EE8-423E-A4F5-81E9A4C10A34}.Release|x86.Build.0 = Release|Win32
		{3C32817D-4AAD-4A31-ACB3-9587F06FCDE6}.Debug|x64.ActiveCfg = Debug|x64
		{3C32817D-4AAD-4A31-ACB3-9587F06FCDE6}.Debug|x64.Build.0 = Debug|x64
		{3C32817D-4AAD-4A31-ACB3-9587F06FCDE6}.Debug|x86.ActiveCfg = Debug|Win32
		{3C32817D-4AAD-4A31-ACB3-9587F06FCDE6}.Debug|x86.Build.0 = Debug|Win32
		{3C32817D-4AAD-4A31-ACB3-9587F06FCDE6}.Release|x64.ActiveCfg = Release|x64
		{3C32817D-4AAD-4A31-ACB3-9587F06FCDE6}.Release|x64.Build.0 = Release|x64
		{3C32817D-4AAD-4A31-ACB3-9587F06FCDE6}.Release|x86.ActiveCfg = Release|Win32
		{3C32817D-4AAD-4A31-ACB3-9587F06FCDE6}.Release|x86.Build.0 = Release|Win32
		{E079E64E-98EE-4699-B45A-A6538FC69229}.Debug|x64.ActiveCfg = Debug|x64
		{E079E64E-98EE-4699-B45A-A6538FC69229}.Debug|x64.Build.0 = Debug|x64
		{E079E64E-98EE-4699-B45A-A6538FC69229}.Debug|x86.ActiveCfg = Debug|Win32
		{E079E64E-98EE-4699-B45A-A6538FC69229}.Debug|x86.Build.0 = Debug|Win32
		{E079E64E-98EE-4699-B45A-A6538FC69229}.Release|x64.ActiveCfg = Release|x64
		{E079E64E-98EE-4699-B45A-A6538FC69229}.Release|x64.Build.0 = Release|x64
		{E079E64E-98EE-4699-B45A-A6538FC69229}.Release|x86.ActiveCfg = Release|Win32
		{E079E64E-98EE-4699-B45A-A6538FC69229}.Release|x86.Build.0 = Release|Win32
		{BD3235DE-D095-4FFE-B1EE-081B8457DB8D}.Debug|x64.ActiveCfg = Debug|x64
		{BD3235DE-D095-4FFE-B1EE-081B8457DB8D}.Debug|x64.Build.0 = Debug|x64
		{BD3235DE-D095-4FFE-B1EE-081B8457DB8D}.Debug|x86.ActiveCfg = Debug|Win32
		{BD3235DE-D095-4FFE-B1EE-081B8457DB8D}.Debug|x86.Build.0 = Debug|Win32
		{BD3235DE-D095-4FFE-B1EE-081B8457DB8D}.Release|x64.ActiveCfg = Release|x64
		{BD3235DE-D095-4FFE-B1EE-081B8457DB8D}.Release|x64.Build.0 = Release|x64
		{BD3235DE-D095-4FFE-B1EE-081B8457DB8D}.Release|x86.ActiveCfg = Release|Win32
		{BD3235DE-D095-4FFE-B1EE-081B8457DB8D}.Release|x86.Build.0 = Release|Win32
		{66B0BA77-7A90-464A-8713-F737EEFD6AB4}.Debug|x64.ActiveCfg = Debug|x64
		{66B0BA77-7A90-464A-8713-F737EEFD6AB4}.Debug|x64.Build.0 = Debug|x64
		{66B0BA77-7A90-464A-8713-F737EEFD6AB4}.Debug|x86.ActiveCfg = Debug|Win32
		{66B0BA77-7A90-464A-8713-F737EEFD6AB4}.Debug|x86.Build.0 = Debug|Win32
		{66B0BA77-7A90-464A-8713-F737EEFD6AB4}.Release|x64.ActiveCfg = Release|x64
		{66B0BA77-7A90-464A-8713-F737EEFD6AB4}.Release|x64.Build.0 = Release|x64
		{66B0BA77-7A90-464A-8713-F737EEFD6AB4}.Release|x86.ActiveCfg = Release|Win32
		{66B0BA77-7A90-464A-8713-F737EEFD6AB4}.Release|x86.Build.0 = Release|Win32
		{A25DCE26-B8AE-429D-A067-C7631ADF6262}.Debug|x64.ActiveCfg = Debug|x64
		{A25DCE26-B8AE-429D-A067-C7631ADF6262}.Debug|x64.Build.0 = Debug|x64
		{A25DCE26-B8AE-429D-A067-C7631ADF6262}.Debug|x86.ActiveCfg = Debug|Win32
		{A25DCE26-B8AE-429D-A067-C7631ADF6262}.Debug|x86.Build.0 = Debug|Win32
		{A25DCE26-B8AE-429D-A067-C7631ADF6262}.Release|x64.ActiveCfg = Release|x64
		{A25DCE26-B8AE-429D-A067-C7631ADF6262}.Release|x64.Build.0 = Release|x64
		{A25DCE26-B8AE-429D-A067-C7631ADF6262}.Release|x86.ActiveCfg = Release|Win32
		{A25DCE26-B8AE-429D-A067-C7631ADF6262}.Release|x86.Build.0 = Release|Win32
		{C0BF4B90-4B1D-42AF-B920-1A5F6B3EDAC3}.Debug|x64.ActiveCfg = Debug|x64
		{C0BF4B90-4B1D-42AF-B920-1A5F6B3EDAC3}.Debug|x64.Build.0 = Debug|x64
		{C0BF4B90-4B1D-42AF-B920-1A5F6B3EDAC3}.Debug|x86.ActiveCfg = Debug|Win32
		{C0BF4B90-4B1D-42AF-B920-1A5F6B3EDAC3}.Debug|x86.Build.0 = Debug|Win32
		{C0BF4B90-4B1D-42AF-B920-1A5F6B3EDAC3}.Release|x64.ActiveCfg = Release|x64
		{C0BF4B90-4B1D-42AF-B920-1A5F6B3EDAC3}.Release|x64.Build.0 = Release|x64
		{C0BF4B90-4B1D-42AF-B920-1A5F6B3EDAC3}.Release|x86.ActiveCfg = Release|Win32
		{C0BF4B90-4B1D-42AF-B920-1A5F6B3EDAC3}.Release|x86.Build.0 = Release|Win32
		{B544C1D0-8410-435F-8A29-268E75DC0D43}.Debug|x64.ActiveCfg = Debug|x64
		{B544C1D0-8410-435F-8A29-268E75DC0D43}.Debug|x64.Build.0 = Debug|x64
		{B544C1D0-8410-435F-8A29-268E75DC0D43}.Debug|x86.ActiveCfg = Debug|Win32
		{B544C1D0-8410-435F-8A29-268E75DC0D43}.Debug|x86.Build.0 = Debug|Win32
		{B544C1D0-8410-435F-8A29-268E75DC0D43}.Release|x64.ActiveCfg = Release|x64
		{B544C1D0-8410-435F-8A29-268E75DC0D43}.Release|x64.Build.0 = Release|x64
		{B544C1D0-8410-435F-8A29-268E75DC0D43}.Release|x86.ActiveCfg = Release|Win32
		{B544C1D0-8410-435F-8A29-268E75DC0D43}.Release|x86.Build.0 = Release|Win32
		{549863D1-4B9D-4D15-B697-BBD17F86C078}.Debug|x64.ActiveCfg = Debug|x64
		{549863D1-4B9D-4D15-B697-BBD17F86C078}.Debug|x64.Build.0 = Debug|x64
		{549863D1-4B9D-4D15-B697-BBD17F86C078}.Debug|x86.ActiveCfg = Debug|Win32
		{549863D1-4B9D-4D15-B697-BBD17F86C078}.Debug|x86.Build.0 = Debug|Win32
		{549863D1-4B9D-4D15-B697-BBD17F86C078}.Release|x64.ActiveCfg = Release|x64
		{549863D1-4B9D-4D15-B697-BBD17F86C078}.Release|x64.Build.0 = Release|x64
		{549863D1-4B9D-4D15-B697-BBD17F86C078}.Release|x86.ActiveCfg = Release|Win32
		{549863D1-4B9D-4D15-B697-BBD17F86C078}.Release|x86.Build.0 = Release|Win32
		{FD0F2847-1E38-448C-B016-8BEB1AB3EEAC}.Debug|x64.ActiveCfg = Debug|x64
		{FD0F2847-1E38-448C-B016-8BEB1AB3EEAC}.Debug|x64.Build.0 = Debug|x64
		{FD0F2847-1E38-448C-B016-8BEB1AB3EEAC}.Debug|x86.ActiveCfg = Debug|Win32
		{FD0F2847-1E38-448C-B016-8BEB1AB3EEAC}.Debug|x86.Build.0 = Debug|Win32
		{FD0F2847-1E38-448C-B016-8BEB1AB3EEAC}.Release|x64.ActiveCfg = Release|x64
		{FD0F2847-1E38-448C-B016-8BEB1AB3EEAC}.Release|x64.Build.0 = Release|x64
		{FD0F2847-1E38-448C-B016-8BEB1AB3EEAC}.Release|x86.ActiveCfg = Release|Win32
		{FD0F2847-1E38-448C-B016-8BEB1AB3EEAC}.Release|x86.Build.0 = Release|Win32
		{570B5DFF-E8CD-4904-AF42-E42CFAA5D608}.Debug|x64.ActiveCfg = Debug|x64
		{570B5DFF-E8CD-4904-AF42-E42CFAA5D608}.Debug|x64.Build.0 = Debug|x64
		{570B5DFF-E8CD-4904-AF42-E42CFAA5D608}.Debug|x86.ActiveCfg = Debug|Win32
		{570B5DFF-E8CD-4904-AF42-E42CFAA5D608}.Debug|x86.Build.0 = Debug|Win32
		{570B5DFF-E8CD-4904-AF42-E42CFAA5D608}.Release|x64.ActiveCfg = Release|x64
		{570B5DFF-E8CD-4904-AF42-E42CFAA5D608}.Release|x64.Build.0 = Release|x64
		{570B5DFF-E8CD-4904-AF42-E42CFAA5D608}.Release|x86.ActiveCfg = Release|Win32
		{570B5DFF-E8CD-4904-AF42-E42CFAA5D608}.Release|x86.Build.0 = Release|Win32
		{72351894-8BDF-4371-8762-3986EC3F27BC}.Debug|x64.ActiveCfg = Debug|x64
		{72351894-8BDF-4371-8762-3986EC3F27BC}.Debug|x64.Build.0 = Debug|x64
		{72351894-8BDF-4371-8762-3986EC3F27BC}.Debug|x86.ActiveCfg = Debug|Win32
		{72351894-8BDF-4371-8762-3986EC3F27BC}.Debug|x86.Build.0 = Debug|Win32
		{72351894-8BDF-4371-8762-3986EC3F27BC}.Release|x64.ActiveCfg = Release|x64
		{72351894-8BDF-4371-8762-3986EC3F27BC}.Release|x64.Build.0 = Release|x64
		{72351894-8BDF-4371-8762-3986EC3F27BC}.Release|x86.ActiveCfg = Release|Win32
		{72351894-8BDF-4371-8762-3986EC3F27BC}.Release|x86.Build.0 = Release|Win32
		{2268157D-61A3-453A-B976-6F6946C6730A}.Debug|x64.ActiveCfg = Debug|x64
		{2268157D-61A3-453A-B976-6F6946C6730A}.Debug|x64.Build.0 = Debug|x64
		{2268157D-61A3-453A-B976-6F6946C6730A}.Debug|x86.ActiveCfg = Debug|Win32
		{2268157D-61A3-453A-B976-6F6946C6730A}.Debug|x86.Build.0 = Debug|Win32
		{2268157D-61A3-453A-B976-6F6946C6730A}.Release|x64.ActiveCfg = Release|x64
		{2268157D-61A3-453A-B976-6F6946C6730A}.Release|x64.Build.0 = Release|x64
		{2268157D-61A3-453A-B976-6F6946C6730A}.Release|x86.ActiveCfg = Release|Win32
		{2268157D-61A3-453A-B976-6F6946C6730A}.Release|x86.Build.0 = Release|Win32
	EndGlobalSection
	GlobalSection(SolutionProperties) = preSolution
		HideSolutionNode = FALSE
	EndGlobalSection
	GlobalSection(ExtensibilityGlobals) = postSolution
		SolutionGuid = {0648CDCC-7624-4B60-8448-1B0AEFD4D26F}
	EndGlobalSection
EndGlobal
